
Microsoft Visual Studio Solution File, Format Version 12.00
# Visual Studio Version 16
VisualStudioVersion = 16.0.29123.89
MinimumVisualStudioVersion = 10.0.40219.1
Project("{FAE04EC0-301F-11D3-BF4B-00C04F79EFBC}") = "MyLeasing.Common", "MyLeasing.Common\MyLeasing.Common.csproj", "{4CE944CE-3214-4A92-8EB0-16A7E9B5E136}"
EndProject
Project("{FAE04EC0-301F-11D3-BF4B-00C04F79EFBC}") = "MyLeasing.Web", "MyLeasing.Web\MyLeasing.Web.csproj", "{204A53B0-8A26-4DCF-9490-1DF4BBCBC422}"
EndProject
Global
	GlobalSection(SolutionConfigurationPlatforms) = preSolution
		Debug|Any CPU = Debug|Any CPU
		Release|Any CPU = Release|Any CPU
	EndGlobalSection
	GlobalSection(ProjectConfigurationPlatforms) = postSolution
		{4CE944CE-3214-4A92-8EB0-16A7E9B5E136}.Debug|Any CPU.ActiveCfg = Debug|Any CPU
		{4CE944CE-3214-4A92-8EB0-16A7E9B5E136}.Debug|Any CPU.Build.0 = Debug|Any CPU
		{4CE944CE-3214-4A92-8EB0-16A7E9B5E136}.Release|Any CPU.ActiveCfg = Release|Any CPU
		{4CE944CE-3214-4A92-8EB0-16A7E9B5E136}.Release|Any CPU.Build.0 = Release|Any CPU
		{204A53B0-8A26-4DCF-9490-1DF4BBCBC422}.Debug|Any CPU.ActiveCfg = Debug|Any CPU
		{204A53B0-8A26-4DCF-9490-1DF4BBCBC422}.Debug|Any CPU.Build.0 = Debug|Any CPU
		{204A53B0-8A26-4DCF-9490-1DF4BBCBC422}.Release|Any CPU.ActiveCfg = Release|Any CPU
		{204A53B0-8A26-4DCF-9490-1DF4BBCBC422}.Release|Any CPU.Build.0 = Release|Any CPU
	EndGlobalSection
	GlobalSection(SolutionProperties) = preSolution
		HideSolutionNode = FALSE
	EndGlobalSection
	GlobalSection(ExtensibilityGlobals) = postSolution
		SolutionGuid = {7A3E15BB-D048-46E4-A4C5-3D60F6F95DD4}
	EndGlobalSection
EndGlobal
